
Microsoft Visual Studio Solution File, Format Version 12.00
# Visual Studio Version 17
VisualStudioVersion = 17.6.33723.286
MinimumVisualStudioVersion = 10.0.40219.1
Project("{54A90642-561A-4BB1-A94E-469ADEE60C69}") = "reactapp", "reactapp\reactapp.esproj", "{51B9375E-6F54-4D3F-8BF5-DA09B55ADDA4}"
EndProject
Project("{9A19103F-16F7-4668-BE54-9A1E7A4F7556}") = "webapi", "webapi\webapi.csproj", "{231CF859-CF9D-42D4-87E5-DED84AB750CB}"
EndProject
Global
	GlobalSection(SolutionConfigurationPlatforms) = preSolution
		Debug|Any CPU = Debug|Any CPU
		Release|Any CPU = Release|Any CPU
	EndGlobalSection
	GlobalSection(ProjectConfigurationPlatforms) = postSolution
		{51B9375E-6F54-4D3F-8BF5-DA09B55ADDA4}.Debug|Any CPU.ActiveCfg = Debug|Any CPU
		{51B9375E-6F54-4D3F-8BF5-DA09B55ADDA4}.Debug|Any CPU.Build.0 = Debug|Any CPU
		{51B9375E-6F54-4D3F-8BF5-DA09B55ADDA4}.Debug|Any CPU.Deploy.0 = Debug|Any CPU
		{51B9375E-6F54-4D3F-8BF5-DA09B55ADDA4}.Release|Any CPU.ActiveCfg = Release|Any CPU
		{51B9375E-6F54-4D3F-8BF5-DA09B55ADDA4}.Release|Any CPU.Build.0 = Release|Any CPU
		{51B9375E-6F54-4D3F-8BF5-DA09B55ADDA4}.Release|Any CPU.Deploy.0 = Release|Any CPU
		{231CF859-CF9D-42D4-87E5-DED84AB750CB}.Debug|Any CPU.ActiveCfg = Debug|Any CPU
		{231CF859-CF9D-42D4-87E5-DED84AB750CB}.Debug|Any CPU.Build.0 = Debug|Any CPU
		{231CF859-CF9D-42D4-87E5-DED84AB750CB}.Release|Any CPU.ActiveCfg = Release|Any CPU
		{231CF859-CF9D-42D4-87E5-DED84AB750CB}.Release|Any CPU.Build.0 = Release|Any CPU
	EndGlobalSection
	GlobalSection(SolutionProperties) = preSolution
		HideSolutionNode = FALSE
	EndGlobalSection
	GlobalSection(ExtensibilityGlobals) = postSolution
		SolutionGuid = {D72E3E49-19A0-4432-A68C-A2779B72F18F}
	EndGlobalSection
EndGlobal
